// !$*UTF8*$!
{
	archiveVersion = 1;
	classes = {
	};
	objectVersion = 56;
	objects = {

/* Begin PBXBuildFile section */
		015D51262C38AA1D68D595B2 /* Pods_dupediva_dupedivaUITests.framework in Frameworks */ = {isa = PBXBuildFile; fileRef = D66C66C8489D1A8207E0450D /* Pods_dupediva_dupedivaUITests.framework */; };
		65E02B829376BB308C828F6E /* Pods_dupedivaTests.framework in Frameworks */ = {isa = PBXBuildFile; fileRef = 36A33E784C278E0A81E6E587 /* Pods_dupedivaTests.framework */; };
		7CDBF8AA2BC61CC300961741 /* GoogleGenerativeAI in Frameworks */ = {isa = PBXBuildFile; productRef = 7CDBF8A92BC61CC300961741 /* GoogleGenerativeAI */; };
		A71E7B1C2BC89C820016CDE7 /* Product.swift in Sources */ = {isa = PBXBuildFile; fileRef = A71E7B1B2BC89C820016CDE7 /* Product.swift */; };
		A7D712FC2BC4E7AF006BBD20 /* OtherView.swift in Sources */ = {isa = PBXBuildFile; fileRef = A7D712FB2BC4E7AE006BBD20 /* OtherView.swift */; };
		A7E80DE72BBDE1650064DC75 /* dupedivaApp.swift in Sources */ = {isa = PBXBuildFile; fileRef = A7E80DE62BBDE1650064DC75 /* dupedivaApp.swift */; };
		A7E80DE92BBDE1650064DC75 /* ContentView.swift in Sources */ = {isa = PBXBuildFile; fileRef = A7E80DE82BBDE1650064DC75 /* ContentView.swift */; };
		A7E80DEB2BBDE1650064DC75 /* Item.swift in Sources */ = {isa = PBXBuildFile; fileRef = A7E80DEA2BBDE1650064DC75 /* Item.swift */; };
		A7E80DED2BBDE1670064DC75 /* Assets.xcassets in Resources */ = {isa = PBXBuildFile; fileRef = A7E80DEC2BBDE1670064DC75 /* Assets.xcassets */; };
		A7E80DF12BBDE1670064DC75 /* Preview Assets.xcassets in Resources */ = {isa = PBXBuildFile; fileRef = A7E80DF02BBDE1670064DC75 /* Preview Assets.xcassets */; };
		A7E80DFB2BBDE1670064DC75 /* dupedivaTests.swift in Sources */ = {isa = PBXBuildFile; fileRef = A7E80DFA2BBDE1670064DC75 /* dupedivaTests.swift */; };
		A7E80E052BBDE1670064DC75 /* dupedivaUITests.swift in Sources */ = {isa = PBXBuildFile; fileRef = A7E80E042BBDE1670064DC75 /* dupedivaUITests.swift */; };
		A7E80E072BBDE1670064DC75 /* dupedivaUITestsLaunchTests.swift in Sources */ = {isa = PBXBuildFile; fileRef = A7E80E062BBDE1670064DC75 /* dupedivaUITestsLaunchTests.swift */; };
		A7E80E162BBDE5D20064DC75 /* Landing.swift in Sources */ = {isa = PBXBuildFile; fileRef = A7E80E152BBDE5D20064DC75 /* Landing.swift */; };
		A7E80E182BC303500064DC75 /* AnalyzePage.swift in Sources */ = {isa = PBXBuildFile; fileRef = A7E80E172BC303500064DC75 /* AnalyzePage.swift */; };
		A7E80E1A2BC35EA70064DC75 /* UIKit.framework in Frameworks */ = {isa = PBXBuildFile; fileRef = A7E80E192BC35EA70064DC75 /* UIKit.framework */; settings = {ATTRIBUTES = (Required, ); }; };
		A7ED3FE72BC6392E000D0156 /* ImagePicker.swift in Sources */ = {isa = PBXBuildFile; fileRef = A7ED3FE62BC6392E000D0156 /* ImagePicker.swift */; };
		A7ED3FE92BC6394A000D0156 /* ImageCam.swift in Sources */ = {isa = PBXBuildFile; fileRef = A7ED3FE82BC6394A000D0156 /* ImageCam.swift */; };
/* End PBXBuildFile section */

/* Begin PBXContainerItemProxy section */
		A7E80DF72BBDE1670064DC75 /* PBXContainerItemProxy */ = {
			isa = PBXContainerItemProxy;
			containerPortal = A7E80DDB2BBDE1650064DC75 /* Project object */;
			proxyType = 1;
			remoteGlobalIDString = A7E80DE22BBDE1650064DC75;
			remoteInfo = dupediva;
		};
		A7E80E012BBDE1670064DC75 /* PBXContainerItemProxy */ = {
			isa = PBXContainerItemProxy;
			containerPortal = A7E80DDB2BBDE1650064DC75 /* Project object */;
			proxyType = 1;
			remoteGlobalIDString = A7E80DE22BBDE1650064DC75;
			remoteInfo = dupediva;
		};
/* End PBXContainerItemProxy section */

/* Begin PBXFileReference section */
		0405DB122C8C4D3A8E4E9A62 /* Pods-dupedivaTests.release.xcconfig */ = {isa = PBXFileReference; includeInIndex = 1; lastKnownFileType = text.xcconfig; name = "Pods-dupedivaTests.release.xcconfig"; path = "Target Support Files/Pods-dupedivaTests/Pods-dupedivaTests.release.xcconfig"; sourceTree = "<group>"; };
		36A33E784C278E0A81E6E587 /* Pods_dupedivaTests.framework */ = {isa = PBXFileReference; explicitFileType = wrapper.framework; includeInIndex = 0; path = Pods_dupedivaTests.framework; sourceTree = BUILT_PRODUCTS_DIR; };
		3AC17E8AA0F604F2502DA627 /* Pods-dupediva-dupedivaUITests.debug.xcconfig */ = {isa = PBXFileReference; includeInIndex = 1; lastKnownFileType = text.xcconfig; name = "Pods-dupediva-dupedivaUITests.debug.xcconfig"; path = "Target Support Files/Pods-dupediva-dupedivaUITests/Pods-dupediva-dupedivaUITests.debug.xcconfig"; sourceTree = "<group>"; };
		3E73B3D7C8C56F329ACA2EA8 /* Pods-dupedivaTests.debug.xcconfig */ = {isa = PBXFileReference; includeInIndex = 1; lastKnownFileType = text.xcconfig; name = "Pods-dupedivaTests.debug.xcconfig"; path = "Target Support Files/Pods-dupedivaTests/Pods-dupedivaTests.debug.xcconfig"; sourceTree = "<group>"; };
		A71E7B1B2BC89C820016CDE7 /* Product.swift */ = {isa = PBXFileReference; lastKnownFileType = sourcecode.swift; path = Product.swift; sourceTree = "<group>"; };
		A71E7B1D2BC97FDB0016CDE7 /* Info.plist */ = {isa = PBXFileReference; lastKnownFileType = text.plist; path = Info.plist; sourceTree = "<group>"; };
		A7D712FB2BC4E7AE006BBD20 /* OtherView.swift */ = {isa = PBXFileReference; lastKnownFileType = sourcecode.swift; path = OtherView.swift; sourceTree = "<group>"; };
		A7E80DE32BBDE1650064DC75 /* dupediva.app */ = {isa = PBXFileReference; explicitFileType = wrapper.application; includeInIndex = 0; path = dupediva.app; sourceTree = BUILT_PRODUCTS_DIR; };
		A7E80DE62BBDE1650064DC75 /* dupedivaApp.swift */ = {isa = PBXFileReference; lastKnownFileType = sourcecode.swift; path = dupedivaApp.swift; sourceTree = "<group>"; };
		A7E80DE82BBDE1650064DC75 /* ContentView.swift */ = {isa = PBXFileReference; lastKnownFileType = sourcecode.swift; path = ContentView.swift; sourceTree = "<group>"; };
		A7E80DEA2BBDE1650064DC75 /* Item.swift */ = {isa = PBXFileReference; lastKnownFileType = sourcecode.swift; path = Item.swift; sourceTree = "<group>"; };
		A7E80DEC2BBDE1670064DC75 /* Assets.xcassets */ = {isa = PBXFileReference; lastKnownFileType = folder.assetcatalog; path = Assets.xcassets; sourceTree = "<group>"; };
		A7E80DEE2BBDE1670064DC75 /* dupediva.entitlements */ = {isa = PBXFileReference; lastKnownFileType = text.plist.entitlements; path = dupediva.entitlements; sourceTree = "<group>"; };
		A7E80DF02BBDE1670064DC75 /* Preview Assets.xcassets */ = {isa = PBXFileReference; lastKnownFileType = folder.assetcatalog; path = "Preview Assets.xcassets"; sourceTree = "<group>"; };
		A7E80DF62BBDE1670064DC75 /* dupedivaTests.xctest */ = {isa = PBXFileReference; explicitFileType = wrapper.cfbundle; includeInIndex = 0; path = dupedivaTests.xctest; sourceTree = BUILT_PRODUCTS_DIR; };
		A7E80DFA2BBDE1670064DC75 /* dupedivaTests.swift */ = {isa = PBXFileReference; lastKnownFileType = sourcecode.swift; path = dupedivaTests.swift; sourceTree = "<group>"; };
		A7E80E002BBDE1670064DC75 /* dupedivaUITests.xctest */ = {isa = PBXFileReference; explicitFileType = wrapper.cfbundle; includeInIndex = 0; path = dupedivaUITests.xctest; sourceTree = BUILT_PRODUCTS_DIR; };
		A7E80E042BBDE1670064DC75 /* dupedivaUITests.swift */ = {isa = PBXFileReference; lastKnownFileType = sourcecode.swift; path = dupedivaUITests.swift; sourceTree = "<group>"; };
		A7E80E062BBDE1670064DC75 /* dupedivaUITestsLaunchTests.swift */ = {isa = PBXFileReference; lastKnownFileType = sourcecode.swift; path = dupedivaUITestsLaunchTests.swift; sourceTree = "<group>"; };
		A7E80E152BBDE5D20064DC75 /* Landing.swift */ = {isa = PBXFileReference; lastKnownFileType = sourcecode.swift; path = Landing.swift; sourceTree = "<group>"; };
		A7E80E172BC303500064DC75 /* AnalyzePage.swift */ = {isa = PBXFileReference; lastKnownFileType = sourcecode.swift; path = AnalyzePage.swift; sourceTree = "<group>"; };
		A7E80E192BC35EA70064DC75 /* UIKit.framework */ = {isa = PBXFileReference; lastKnownFileType = wrapper.framework; name = UIKit.framework; path = Platforms/iPhoneOS.platform/Developer/SDKs/iPhoneOS17.2.sdk/System/Library/Frameworks/UIKit.framework; sourceTree = DEVELOPER_DIR; };
		A7ED3FE62BC6392E000D0156 /* ImagePicker.swift */ = {isa = PBXFileReference; lastKnownFileType = sourcecode.swift; path = ImagePicker.swift; sourceTree = "<group>"; };
		A7ED3FE82BC6394A000D0156 /* ImageCam.swift */ = {isa = PBXFileReference; lastKnownFileType = sourcecode.swift; path = ImageCam.swift; sourceTree = "<group>"; };
		AECF4FE92707C4FDEB660DBA /* Pods-dupediva.debug.xcconfig */ = {isa = PBXFileReference; includeInIndex = 1; lastKnownFileType = text.xcconfig; name = "Pods-dupediva.debug.xcconfig"; path = "Target Support Files/Pods-dupediva/Pods-dupediva.debug.xcconfig"; sourceTree = "<group>"; };
		C1B3F72D6E7711501B565BDE /* Pods_dupediva.framework */ = {isa = PBXFileReference; explicitFileType = wrapper.framework; includeInIndex = 0; path = Pods_dupediva.framework; sourceTree = BUILT_PRODUCTS_DIR; };
		D38D0DE0B047932D8BE399DD /* Pods-dupediva.release.xcconfig */ = {isa = PBXFileReference; includeInIndex = 1; lastKnownFileType = text.xcconfig; name = "Pods-dupediva.release.xcconfig"; path = "Target Support Files/Pods-dupediva/Pods-dupediva.release.xcconfig"; sourceTree = "<group>"; };
		D66C66C8489D1A8207E0450D /* Pods_dupediva_dupedivaUITests.framework */ = {isa = PBXFileReference; explicitFileType = wrapper.framework; includeInIndex = 0; path = Pods_dupediva_dupedivaUITests.framework; sourceTree = BUILT_PRODUCTS_DIR; };
		FC6BA69501B9059F1F9B51C9 /* Pods-dupediva-dupedivaUITests.release.xcconfig */ = {isa = PBXFileReference; includeInIndex = 1; lastKnownFileType = text.xcconfig; name = "Pods-dupediva-dupedivaUITests.release.xcconfig"; path = "Target Support Files/Pods-dupediva-dupedivaUITests/Pods-dupediva-dupedivaUITests.release.xcconfig"; sourceTree = "<group>"; };
/* End PBXFileReference section */

/* Begin PBXFrameworksBuildPhase section */
		A7E80DE02BBDE1650064DC75 /* Frameworks */ = {
			isa = PBXFrameworksBuildPhase;
			buildActionMask = 2147483647;
			files = (
				A7E80E1A2BC35EA70064DC75 /* UIKit.framework in Frameworks */,
				7CDBF8AA2BC61CC300961741 /* GoogleGenerativeAI in Frameworks */,
			);
			runOnlyForDeploymentPostprocessing = 0;
		};
		A7E80DF32BBDE1670064DC75 /* Frameworks */ = {
			isa = PBXFrameworksBuildPhase;
			buildActionMask = 2147483647;
			files = (
				65E02B829376BB308C828F6E /* Pods_dupedivaTests.framework in Frameworks */,
			);
			runOnlyForDeploymentPostprocessing = 0;
		};
		A7E80DFD2BBDE1670064DC75 /* Frameworks */ = {
			isa = PBXFrameworksBuildPhase;
			buildActionMask = 2147483647;
			files = (
				015D51262C38AA1D68D595B2 /* Pods_dupediva_dupedivaUITests.framework in Frameworks */,
			);
			runOnlyForDeploymentPostprocessing = 0;
		};
/* End PBXFrameworksBuildPhase section */

/* Begin PBXGroup section */
		78871838F7FAC2CF7AC32E85 /* Pods */ = {
			isa = PBXGroup;
			children = (
				AECF4FE92707C4FDEB660DBA /* Pods-dupediva.debug.xcconfig */,
				D38D0DE0B047932D8BE399DD /* Pods-dupediva.release.xcconfig */,
				3AC17E8AA0F604F2502DA627 /* Pods-dupediva-dupedivaUITests.debug.xcconfig */,
				FC6BA69501B9059F1F9B51C9 /* Pods-dupediva-dupedivaUITests.release.xcconfig */,
				3E73B3D7C8C56F329ACA2EA8 /* Pods-dupedivaTests.debug.xcconfig */,
				0405DB122C8C4D3A8E4E9A62 /* Pods-dupedivaTests.release.xcconfig */,
			);
			path = Pods;
			sourceTree = "<group>";
		};
		A7E80DDA2BBDE1650064DC75 = {
			isa = PBXGroup;
			children = (
				A7E80DE52BBDE1650064DC75 /* dupediva */,
				A7E80DF92BBDE1670064DC75 /* dupedivaTests */,
				A7E80E032BBDE1670064DC75 /* dupedivaUITests */,
				A7E80DE42BBDE1650064DC75 /* Products */,
				78871838F7FAC2CF7AC32E85 /* Pods */,
				CAF8FB50508AF21C50E13E15 /* Frameworks */,
			);
			sourceTree = "<group>";
		};
		A7E80DE42BBDE1650064DC75 /* Products */ = {
			isa = PBXGroup;
			children = (
				A7E80DE32BBDE1650064DC75 /* dupediva.app */,
				A7E80DF62BBDE1670064DC75 /* dupedivaTests.xctest */,
				A7E80E002BBDE1670064DC75 /* dupedivaUITests.xctest */,
			);
			name = Products;
			sourceTree = "<group>";
		};
		A7E80DE52BBDE1650064DC75 /* dupediva */ = {
			isa = PBXGroup;
			children = (
				A71E7B1D2BC97FDB0016CDE7 /* Info.plist */,
				A7E80DE62BBDE1650064DC75 /* dupedivaApp.swift */,
				A7E80DE82BBDE1650064DC75 /* ContentView.swift */,
				A7E80E152BBDE5D20064DC75 /* Landing.swift */,
				A71E7B1B2BC89C820016CDE7 /* Product.swift */,
				A7ED3FE62BC6392E000D0156 /* ImagePicker.swift */,
				A7E80E172BC303500064DC75 /* AnalyzePage.swift */,
				A7E80DEA2BBDE1650064DC75 /* Item.swift */,
				A7E80DEC2BBDE1670064DC75 /* Assets.xcassets */,
				A7E80DEE2BBDE1670064DC75 /* dupediva.entitlements */,
				A7E80DEF2BBDE1670064DC75 /* Preview Content */,
				A7D712FB2BC4E7AE006BBD20 /* OtherView.swift */,
				A7ED3FE82BC6394A000D0156 /* ImageCam.swift */,
			);
			path = dupediva;
			sourceTree = "<group>";
		};
		A7E80DEF2BBDE1670064DC75 /* Preview Content */ = {
			isa = PBXGroup;
			children = (
				A7E80DF02BBDE1670064DC75 /* Preview Assets.xcassets */,
			);
			path = "Preview Content";
			sourceTree = "<group>";
		};
		A7E80DF92BBDE1670064DC75 /* dupedivaTests */ = {
			isa = PBXGroup;
			children = (
				A7E80DFA2BBDE1670064DC75 /* dupedivaTests.swift */,
			);
			path = dupedivaTests;
			sourceTree = "<group>";
		};
		A7E80E032BBDE1670064DC75 /* dupedivaUITests */ = {
			isa = PBXGroup;
			children = (
				A7E80E042BBDE1670064DC75 /* dupedivaUITests.swift */,
				A7E80E062BBDE1670064DC75 /* dupedivaUITestsLaunchTests.swift */,
			);
			path = dupedivaUITests;
			sourceTree = "<group>";
		};
		CAF8FB50508AF21C50E13E15 /* Frameworks */ = {
			isa = PBXGroup;
			children = (
				A7E80E192BC35EA70064DC75 /* UIKit.framework */,
				C1B3F72D6E7711501B565BDE /* Pods_dupediva.framework */,
				D66C66C8489D1A8207E0450D /* Pods_dupediva_dupedivaUITests.framework */,
				36A33E784C278E0A81E6E587 /* Pods_dupedivaTests.framework */,
			);
			name = Frameworks;
			sourceTree = "<group>";
		};
/* End PBXGroup section */

/* Begin PBXNativeTarget section */
		A7E80DE22BBDE1650064DC75 /* dupediva */ = {
			isa = PBXNativeTarget;
			buildConfigurationList = A7E80E0A2BBDE1670064DC75 /* Build configuration list for PBXNativeTarget "dupediva" */;
			buildPhases = (
				0F8304DD830CDD4BE94FDD96 /* [CP] Check Pods Manifest.lock */,
				A7E80DDF2BBDE1650064DC75 /* Sources */,
				A7E80DE02BBDE1650064DC75 /* Frameworks */,
				A7E80DE12BBDE1650064DC75 /* Resources */,
			);
			buildRules = (
			);
			dependencies = (
			);
			name = dupediva;
			packageProductDependencies = (
				7CDBF8A92BC61CC300961741 /* GoogleGenerativeAI */,
			);
			productName = dupediva;
			productReference = A7E80DE32BBDE1650064DC75 /* dupediva.app */;
			productType = "com.apple.product-type.application";
		};
		A7E80DF52BBDE1670064DC75 /* dupedivaTests */ = {
			isa = PBXNativeTarget;
			buildConfigurationList = A7E80E0D2BBDE1670064DC75 /* Build configuration list for PBXNativeTarget "dupedivaTests" */;
			buildPhases = (
				9718D191C7804B7BDC843CD1 /* [CP] Check Pods Manifest.lock */,
				A7E80DF22BBDE1670064DC75 /* Sources */,
				A7E80DF32BBDE1670064DC75 /* Frameworks */,
				A7E80DF42BBDE1670064DC75 /* Resources */,
			);
			buildRules = (
			);
			dependencies = (
				A7E80DF82BBDE1670064DC75 /* PBXTargetDependency */,
			);
			name = dupedivaTests;
			productName = dupedivaTests;
			productReference = A7E80DF62BBDE1670064DC75 /* dupedivaTests.xctest */;
			productType = "com.apple.product-type.bundle.unit-test";
		};
		A7E80DFF2BBDE1670064DC75 /* dupedivaUITests */ = {
			isa = PBXNativeTarget;
			buildConfigurationList = A7E80E102BBDE1670064DC75 /* Build configuration list for PBXNativeTarget "dupedivaUITests" */;
			buildPhases = (
				510D6CF3C295E16F2A80AC44 /* [CP] Check Pods Manifest.lock */,
				A7E80DFC2BBDE1670064DC75 /* Sources */,
				A7E80DFD2BBDE1670064DC75 /* Frameworks */,
				A7E80DFE2BBDE1670064DC75 /* Resources */,
			);
			buildRules = (
			);
			dependencies = (
				A7E80E022BBDE1670064DC75 /* PBXTargetDependency */,
			);
			name = dupedivaUITests;
			productName = dupedivaUITests;
			productReference = A7E80E002BBDE1670064DC75 /* dupedivaUITests.xctest */;
			productType = "com.apple.product-type.bundle.ui-testing";
		};
/* End PBXNativeTarget section */

/* Begin PBXProject section */
		A7E80DDB2BBDE1650064DC75 /* Project object */ = {
			isa = PBXProject;
			attributes = {
				BuildIndependentTargetsInParallel = 1;
				LastSwiftUpdateCheck = 1520;
				LastUpgradeCheck = 1530;
				TargetAttributes = {
					A7E80DE22BBDE1650064DC75 = {
						CreatedOnToolsVersion = 15.2;
					};
					A7E80DF52BBDE1670064DC75 = {
						CreatedOnToolsVersion = 15.2;
						TestTargetID = A7E80DE22BBDE1650064DC75;
					};
					A7E80DFF2BBDE1670064DC75 = {
						CreatedOnToolsVersion = 15.2;
						TestTargetID = A7E80DE22BBDE1650064DC75;
					};
				};
			};
			buildConfigurationList = A7E80DDE2BBDE1650064DC75 /* Build configuration list for PBXProject "dupediva" */;
			compatibilityVersion = "Xcode 14.0";
			developmentRegion = en;
			hasScannedForEncodings = 0;
			knownRegions = (
				en,
				Base,
			);
			mainGroup = A7E80DDA2BBDE1650064DC75;
			packageReferences = (
				7CDBF8A82BC61CA300961741 /* XCRemoteSwiftPackageReference "generative-ai-swift" */,
			);
			productRefGroup = A7E80DE42BBDE1650064DC75 /* Products */;
			projectDirPath = "";
			projectRoot = "";
			targets = (
				A7E80DE22BBDE1650064DC75 /* dupediva */,
				A7E80DF52BBDE1670064DC75 /* dupedivaTests */,
				A7E80DFF2BBDE1670064DC75 /* dupedivaUITests */,
			);
		};
/* End PBXProject section */

/* Begin PBXResourcesBuildPhase section */
		A7E80DE12BBDE1650064DC75 /* Resources */ = {
			isa = PBXResourcesBuildPhase;
			buildActionMask = 2147483647;
			files = (
				A7E80DF12BBDE1670064DC75 /* Preview Assets.xcassets in Resources */,
				A7E80DED2BBDE1670064DC75 /* Assets.xcassets in Resources */,
			);
			runOnlyForDeploymentPostprocessing = 0;
		};
		A7E80DF42BBDE1670064DC75 /* Resources */ = {
			isa = PBXResourcesBuildPhase;
			buildActionMask = 2147483647;
			files = (
			);
			runOnlyForDeploymentPostprocessing = 0;
		};
		A7E80DFE2BBDE1670064DC75 /* Resources */ = {
			isa = PBXResourcesBuildPhase;
			buildActionMask = 2147483647;
			files = (
			);
			runOnlyForDeploymentPostprocessing = 0;
		};
/* End PBXResourcesBuildPhase section */

/* Begin PBXShellScriptBuildPhase section */
		0F8304DD830CDD4BE94FDD96 /* [CP] Check Pods Manifest.lock */ = {
			isa = PBXShellScriptBuildPhase;
			buildActionMask = 2147483647;
			files = (
			);
			inputFileListPaths = (
			);
			inputPaths = (
				"${PODS_PODFILE_DIR_PATH}/Podfile.lock",
				"${PODS_ROOT}/Manifest.lock",
			);
			name = "[CP] Check Pods Manifest.lock";
			outputFileListPaths = (
			);
			outputPaths = (
				"$(DERIVED_FILE_DIR)/Pods-dupediva-checkManifestLockResult.txt",
			);
			runOnlyForDeploymentPostprocessing = 0;
			shellPath = /bin/sh;
			shellScript = "diff \"${PODS_PODFILE_DIR_PATH}/Podfile.lock\" \"${PODS_ROOT}/Manifest.lock\" > /dev/null\nif [ $? != 0 ] ; then\n    # print error to STDERR\n    echo \"error: The sandbox is not in sync with the Podfile.lock. Run 'pod install' or update your CocoaPods installation.\" >&2\n    exit 1\nfi\n# This output is used by Xcode 'outputs' to avoid re-running this script phase.\necho \"SUCCESS\" > \"${SCRIPT_OUTPUT_FILE_0}\"\n";
			showEnvVarsInLog = 0;
		};
		510D6CF3C295E16F2A80AC44 /* [CP] Check Pods Manifest.lock */ = {
			isa = PBXShellScriptBuildPhase;
			buildActionMask = 2147483647;
			files = (
			);
			inputFileListPaths = (
			);
			inputPaths = (
				"${PODS_PODFILE_DIR_PATH}/Podfile.lock",
				"${PODS_ROOT}/Manifest.lock",
			);
			name = "[CP] Check Pods Manifest.lock";
			outputFileListPaths = (
			);
			outputPaths = (
				"$(DERIVED_FILE_DIR)/Pods-dupediva-dupedivaUITests-checkManifestLockResult.txt",
			);
			runOnlyForDeploymentPostprocessing = 0;
			shellPath = /bin/sh;
			shellScript = "diff \"${PODS_PODFILE_DIR_PATH}/Podfile.lock\" \"${PODS_ROOT}/Manifest.lock\" > /dev/null\nif [ $? != 0 ] ; then\n    # print error to STDERR\n    echo \"error: The sandbox is not in sync with the Podfile.lock. Run 'pod install' or update your CocoaPods installation.\" >&2\n    exit 1\nfi\n# This output is used by Xcode 'outputs' to avoid re-running this script phase.\necho \"SUCCESS\" > \"${SCRIPT_OUTPUT_FILE_0}\"\n";
			showEnvVarsInLog = 0;
		};
		9718D191C7804B7BDC843CD1 /* [CP] Check Pods Manifest.lock */ = {
			isa = PBXShellScriptBuildPhase;
			buildActionMask = 2147483647;
			files = (
			);
			inputFileListPaths = (
			);
			inputPaths = (
				"${PODS_PODFILE_DIR_PATH}/Podfile.lock",
				"${PODS_ROOT}/Manifest.lock",
			);
			name = "[CP] Check Pods Manifest.lock";
			outputFileListPaths = (
			);
			outputPaths = (
				"$(DERIVED_FILE_DIR)/Pods-dupedivaTests-checkManifestLockResult.txt",
			);
			runOnlyForDeploymentPostprocessing = 0;
			shellPath = /bin/sh;
			shellScript = "diff \"${PODS_PODFILE_DIR_PATH}/Podfile.lock\" \"${PODS_ROOT}/Manifest.lock\" > /dev/null\nif [ $? != 0 ] ; then\n    # print error to STDERR\n    echo \"error: The sandbox is not in sync with the Podfile.lock. Run 'pod install' or update your CocoaPods installation.\" >&2\n    exit 1\nfi\n# This output is used by Xcode 'outputs' to avoid re-running this script phase.\necho \"SUCCESS\" > \"${SCRIPT_OUTPUT_FILE_0}\"\n";
			showEnvVarsInLog = 0;
		};
/* End PBXShellScriptBuildPhase section */

/* Begin PBXSourcesBuildPhase section */
		A7E80DDF2BBDE1650064DC75 /* Sources */ = {
			isa = PBXSourcesBuildPhase;
			buildActionMask = 2147483647;
			files = (
				A7E80DE92BBDE1650064DC75 /* ContentView.swift in Sources */,
				A7E80E162BBDE5D20064DC75 /* Landing.swift in Sources */,
				A71E7B1C2BC89C820016CDE7 /* Product.swift in Sources */,
				A7E80E182BC303500064DC75 /* AnalyzePage.swift in Sources */,
				A7ED3FE72BC6392E000D0156 /* ImagePicker.swift in Sources */,
				A7E80DEB2BBDE1650064DC75 /* Item.swift in Sources */,
				A7ED3FE92BC6394A000D0156 /* ImageCam.swift in Sources */,
				A7E80DE72BBDE1650064DC75 /* dupedivaApp.swift in Sources */,
				A7D712FC2BC4E7AF006BBD20 /* OtherView.swift in Sources */,
			);
			runOnlyForDeploymentPostprocessing = 0;
		};
		A7E80DF22BBDE1670064DC75 /* Sources */ = {
			isa = PBXSourcesBuildPhase;
			buildActionMask = 2147483647;
			files = (
				A7E80DFB2BBDE1670064DC75 /* dupedivaTests.swift in Sources */,
			);
			runOnlyForDeploymentPostprocessing = 0;
		};
		A7E80DFC2BBDE1670064DC75 /* Sources */ = {
			isa = PBXSourcesBuildPhase;
			buildActionMask = 2147483647;
			files = (
				A7E80E072BBDE1670064DC75 /* dupedivaUITestsLaunchTests.swift in Sources */,
				A7E80E052BBDE1670064DC75 /* dupedivaUITests.swift in Sources */,
			);
			runOnlyForDeploymentPostprocessing = 0;
		};
/* End PBXSourcesBuildPhase section */

/* Begin PBXTargetDependency section */
		A7E80DF82BBDE1670064DC75 /* PBXTargetDependency */ = {
			isa = PBXTargetDependency;
			target = A7E80DE22BBDE1650064DC75 /* dupediva */;
			targetProxy = A7E80DF72BBDE1670064DC75 /* PBXContainerItemProxy */;
		};
		A7E80E022BBDE1670064DC75 /* PBXTargetDependency */ = {
			isa = PBXTargetDependency;
			target = A7E80DE22BBDE1650064DC75 /* dupediva */;
			targetProxy = A7E80E012BBDE1670064DC75 /* PBXContainerItemProxy */;
		};
/* End PBXTargetDependency section */

/* Begin XCBuildConfiguration section */
		A7E80E082BBDE1670064DC75 /* Debug */ = {
			isa = XCBuildConfiguration;
			buildSettings = {
				ALWAYS_SEARCH_USER_PATHS = NO;
				ASSETCATALOG_COMPILER_GENERATE_SWIFT_ASSET_SYMBOL_EXTENSIONS = YES;
				CLANG_ANALYZER_NONNULL = YES;
				CLANG_ANALYZER_NUMBER_OBJECT_CONVERSION = YES_AGGRESSIVE;
				CLANG_CXX_LANGUAGE_STANDARD = "gnu++20";
				CLANG_ENABLE_MODULES = YES;
				CLANG_ENABLE_OBJC_ARC = YES;
				CLANG_ENABLE_OBJC_WEAK = YES;
				CLANG_WARN_BLOCK_CAPTURE_AUTORELEASING = YES;
				CLANG_WARN_BOOL_CONVERSION = YES;
				CLANG_WARN_COMMA = YES;
				CLANG_WARN_CONSTANT_CONVERSION = YES;
				CLANG_WARN_DEPRECATED_OBJC_IMPLEMENTATIONS = YES;
				CLANG_WARN_DIRECT_OBJC_ISA_USAGE = YES_ERROR;
				CLANG_WARN_DOCUMENTATION_COMMENTS = YES;
				CLANG_WARN_EMPTY_BODY = YES;
				CLANG_WARN_ENUM_CONVERSION = YES;
				CLANG_WARN_INFINITE_RECURSION = YES;
				CLANG_WARN_INT_CONVERSION = YES;
				CLANG_WARN_NON_LITERAL_NULL_CONVERSION = YES;
				CLANG_WARN_OBJC_IMPLICIT_RETAIN_SELF = YES;
				CLANG_WARN_OBJC_LITERAL_CONVERSION = YES;
				CLANG_WARN_OBJC_ROOT_CLASS = YES_ERROR;
				CLANG_WARN_QUOTED_INCLUDE_IN_FRAMEWORK_HEADER = YES;
				CLANG_WARN_RANGE_LOOP_ANALYSIS = YES;
				CLANG_WARN_STRICT_PROTOTYPES = YES;
				CLANG_WARN_SUSPICIOUS_MOVE = YES;
				CLANG_WARN_UNGUARDED_AVAILABILITY = YES_AGGRESSIVE;
				CLANG_WARN_UNREACHABLE_CODE = YES;
				CLANG_WARN__DUPLICATE_METHOD_MATCH = YES;
				COPY_PHASE_STRIP = NO;
				DEAD_CODE_STRIPPING = YES;
				DEBUG_INFORMATION_FORMAT = dwarf;
				ENABLE_STRICT_OBJC_MSGSEND = YES;
				ENABLE_TESTABILITY = YES;
				ENABLE_USER_SCRIPT_SANDBOXING = YES;
				GCC_C_LANGUAGE_STANDARD = gnu17;
				GCC_DYNAMIC_NO_PIC = NO;
				GCC_NO_COMMON_BLOCKS = YES;
				GCC_OPTIMIZATION_LEVEL = 0;
				GCC_PREPROCESSOR_DEFINITIONS = (
					"DEBUG=1",
					"$(inherited)",
				);
				GCC_WARN_64_TO_32_BIT_CONVERSION = YES;
				GCC_WARN_ABOUT_RETURN_TYPE = YES_ERROR;
				GCC_WARN_UNDECLARED_SELECTOR = YES;
				GCC_WARN_UNINITIALIZED_AUTOS = YES_AGGRESSIVE;
				GCC_WARN_UNUSED_FUNCTION = YES;
				GCC_WARN_UNUSED_VARIABLE = YES;
				LOCALIZATION_PREFERS_STRING_CATALOGS = YES;
				MTL_ENABLE_DEBUG_INFO = INCLUDE_SOURCE;
				MTL_FAST_MATH = YES;
				ONLY_ACTIVE_ARCH = YES;
				SWIFT_ACTIVE_COMPILATION_CONDITIONS = "DEBUG $(inherited)";
				SWIFT_OPTIMIZATION_LEVEL = "-Onone";
			};
			name = Debug;
		};
		A7E80E092BBDE1670064DC75 /* Release */ = {
			isa = XCBuildConfiguration;
			buildSettings = {
				ALWAYS_SEARCH_USER_PATHS = NO;
				ASSETCATALOG_COMPILER_GENERATE_SWIFT_ASSET_SYMBOL_EXTENSIONS = YES;
				CLANG_ANALYZER_NONNULL = YES;
				CLANG_ANALYZER_NUMBER_OBJECT_CONVERSION = YES_AGGRESSIVE;
				CLANG_CXX_LANGUAGE_STANDARD = "gnu++20";
				CLANG_ENABLE_MODULES = YES;
				CLANG_ENABLE_OBJC_ARC = YES;
				CLANG_ENABLE_OBJC_WEAK = YES;
				CLANG_WARN_BLOCK_CAPTURE_AUTORELEASING = YES;
				CLANG_WARN_BOOL_CONVERSION = YES;
				CLANG_WARN_COMMA = YES;
				CLANG_WARN_CONSTANT_CONVERSION = YES;
				CLANG_WARN_DEPRECATED_OBJC_IMPLEMENTATIONS = YES;
				CLANG_WARN_DIRECT_OBJC_ISA_USAGE = YES_ERROR;
				CLANG_WARN_DOCUMENTATION_COMMENTS = YES;
				CLANG_WARN_EMPTY_BODY = YES;
				CLANG_WARN_ENUM_CONVERSION = YES;
				CLANG_WARN_INFINITE_RECURSION = YES;
				CLANG_WARN_INT_CONVERSION = YES;
				CLANG_WARN_NON_LITERAL_NULL_CONVERSION = YES;
				CLANG_WARN_OBJC_IMPLICIT_RETAIN_SELF = YES;
				CLANG_WARN_OBJC_LITERAL_CONVERSION = YES;
				CLANG_WARN_OBJC_ROOT_CLASS = YES_ERROR;
				CLANG_WARN_QUOTED_INCLUDE_IN_FRAMEWORK_HEADER = YES;
				CLANG_WARN_RANGE_LOOP_ANALYSIS = YES;
				CLANG_WARN_STRICT_PROTOTYPES = YES;
				CLANG_WARN_SUSPICIOUS_MOVE = YES;
				CLANG_WARN_UNGUARDED_AVAILABILITY = YES_AGGRESSIVE;
				CLANG_WARN_UNREACHABLE_CODE = YES;
				CLANG_WARN__DUPLICATE_METHOD_MATCH = YES;
				COPY_PHASE_STRIP = NO;
				DEAD_CODE_STRIPPING = YES;
				DEBUG_INFORMATION_FORMAT = "dwarf-with-dsym";
				ENABLE_NS_ASSERTIONS = NO;
				ENABLE_STRICT_OBJC_MSGSEND = YES;
				ENABLE_USER_SCRIPT_SANDBOXING = YES;
				GCC_C_LANGUAGE_STANDARD = gnu17;
				GCC_NO_COMMON_BLOCKS = YES;
				GCC_WARN_64_TO_32_BIT_CONVERSION = YES;
				GCC_WARN_ABOUT_RETURN_TYPE = YES_ERROR;
				GCC_WARN_UNDECLARED_SELECTOR = YES;
				GCC_WARN_UNINITIALIZED_AUTOS = YES_AGGRESSIVE;
				GCC_WARN_UNUSED_FUNCTION = YES;
				GCC_WARN_UNUSED_VARIABLE = YES;
				LOCALIZATION_PREFERS_STRING_CATALOGS = YES;
				MTL_ENABLE_DEBUG_INFO = NO;
				MTL_FAST_MATH = YES;
				SWIFT_COMPILATION_MODE = wholemodule;
			};
			name = Release;
		};
		A7E80E0B2BBDE1670064DC75 /* Debug */ = {
			isa = XCBuildConfiguration;
			baseConfigurationReference = AECF4FE92707C4FDEB660DBA /* Pods-dupediva.debug.xcconfig */;
			buildSettings = {
				ASSETCATALOG_COMPILER_APPICON_NAME = AppIcon;
				ASSETCATALOG_COMPILER_GLOBAL_ACCENT_COLOR_NAME = AccentColor;
				CODE_SIGN_ENTITLEMENTS = dupediva/dupediva.entitlements;
				CODE_SIGN_STYLE = Automatic;
				CURRENT_PROJECT_VERSION = 1;
				DEAD_CODE_STRIPPING = YES;
				DEVELOPMENT_ASSET_PATHS = "\"dupediva/Preview Content\"";
				DEVELOPMENT_TEAM = 4ATUTZBYJ8;
				ENABLE_PREVIEWS = YES;
				GENERATE_INFOPLIST_FILE = YES;
				INFOPLIST_FILE = dupediva/Info.plist;
				INFOPLIST_KEY_NSCameraUsageDescription = "Please allow access.";
				"INFOPLIST_KEY_UIApplicationSceneManifest_Generation[sdk=iphoneos*]" = YES;
				"INFOPLIST_KEY_UIApplicationSceneManifest_Generation[sdk=iphonesimulator*]" = YES;
				"INFOPLIST_KEY_UIApplicationSupportsIndirectInputEvents[sdk=iphoneos*]" = YES;
				"INFOPLIST_KEY_UIApplicationSupportsIndirectInputEvents[sdk=iphonesimulator*]" = YES;
				"INFOPLIST_KEY_UILaunchScreen_Generation[sdk=iphoneos*]" = YES;
				"INFOPLIST_KEY_UILaunchScreen_Generation[sdk=iphonesimulator*]" = YES;
				"INFOPLIST_KEY_UIStatusBarStyle[sdk=iphoneos*]" = UIStatusBarStyleDefault;
				"INFOPLIST_KEY_UIStatusBarStyle[sdk=iphonesimulator*]" = UIStatusBarStyleDefault;
				INFOPLIST_KEY_UISupportedInterfaceOrientations_iPad = "UIInterfaceOrientationPortrait UIInterfaceOrientationPortraitUpsideDown UIInterfaceOrientationLandscapeLeft UIInterfaceOrientationLandscapeRight";
				INFOPLIST_KEY_UISupportedInterfaceOrientations_iPhone = "UIInterfaceOrientationPortrait UIInterfaceOrientationLandscapeLeft UIInterfaceOrientationLandscapeRight";
				IPHONEOS_DEPLOYMENT_TARGET = 17.2;
				LD_RUNPATH_SEARCH_PATHS = "@executable_path/Frameworks";
				"LD_RUNPATH_SEARCH_PATHS[sdk=macosx*]" = "@executable_path/../Frameworks";
				MACOSX_DEPLOYMENT_TARGET = 14.0;
				MARKETING_VERSION = 1.0;
				PRODUCT_BUNDLE_IDENTIFIER = dupediva.dupediva;
				PRODUCT_NAME = "$(TARGET_NAME)";
				SDKROOT = auto;
				SUPPORTED_PLATFORMS = "iphoneos iphonesimulator";
				SUPPORTS_MACCATALYST = NO;
				SWIFT_EMIT_LOC_STRINGS = YES;
				SWIFT_VERSION = 5.0;
				TARGETED_DEVICE_FAMILY = "1,2";
			};
			name = Debug;
		};
		A7E80E0C2BBDE1670064DC75 /* Release */ = {
			isa = XCBuildConfiguration;
			baseConfigurationReference = D38D0DE0B047932D8BE399DD /* Pods-dupediva.release.xcconfig */;
			buildSettings = {
				ASSETCATALOG_COMPILER_APPICON_NAME = AppIcon;
				ASSETCATALOG_COMPILER_GLOBAL_ACCENT_COLOR_NAME = AccentColor;
				CODE_SIGN_ENTITLEMENTS = dupediva/dupediva.entitlements;
				CODE_SIGN_STYLE = Automatic;
				CURRENT_PROJECT_VERSION = 1;
				DEAD_CODE_STRIPPING = YES;
				DEVELOPMENT_ASSET_PATHS = "\"dupediva/Preview Content\"";
				DEVELOPMENT_TEAM = 4ATUTZBYJ8;
				ENABLE_PREVIEWS = YES;
				GENERATE_INFOPLIST_FILE = YES;
				INFOPLIST_FILE = dupediva/Info.plist;
				INFOPLIST_KEY_NSCameraUsageDescription = "Please allow access.";
				"INFOPLIST_KEY_UIApplicationSceneManifest_Generation[sdk=iphoneos*]" = YES;
				"INFOPLIST_KEY_UIApplicationSceneManifest_Generation[sdk=iphonesimulator*]" = YES;
				"INFOPLIST_KEY_UIApplicationSupportsIndirectInputEvents[sdk=iphoneos*]" = YES;
				"INFOPLIST_KEY_UIApplicationSupportsIndirectInputEvents[sdk=iphonesimulator*]" = YES;
				"INFOPLIST_KEY_UILaunchScreen_Generation[sdk=iphoneos*]" = YES;
				"INFOPLIST_KEY_UILaunchScreen_Generation[sdk=iphonesimulator*]" = YES;
				"INFOPLIST_KEY_UIStatusBarStyle[sdk=iphoneos*]" = UIStatusBarStyleDefault;
				"INFOPLIST_KEY_UIStatusBarStyle[sdk=iphonesimulator*]" = UIStatusBarStyleDefault;
				INFOPLIST_KEY_UISupportedInterfaceOrientations_iPad = "UIInterfaceOrientationPortrait UIInterfaceOrientationPortraitUpsideDown UIInterfaceOrientationLandscapeLeft UIInterfaceOrientationLandscapeRight";
				INFOPLIST_KEY_UISupportedInterfaceOrientations_iPhone = "UIInterfaceOrientationPortrait UIInterfaceOrientationLandscapeLeft UIInterfaceOrientationLandscapeRight";
				IPHONEOS_DEPLOYMENT_TARGET = 17.2;
				LD_RUNPATH_SEARCH_PATHS = "@executable_path/Frameworks";
				"LD_RUNPATH_SEARCH_PATHS[sdk=macosx*]" = "@executable_path/../Frameworks";
				MACOSX_DEPLOYMENT_TARGET = 14.0;
				MARKETING_VERSION = 1.0;
				PRODUCT_BUNDLE_IDENTIFIER = dupediva.dupediva;
				PRODUCT_NAME = "$(TARGET_NAME)";
				SDKROOT = auto;
				SUPPORTED_PLATFORMS = "iphoneos iphonesimulator";
				SUPPORTS_MACCATALYST = NO;
				SWIFT_EMIT_LOC_STRINGS = YES;
				SWIFT_VERSION = 5.0;
				TARGETED_DEVICE_FAMILY = "1,2";
			};
			name = Release;
		};
		A7E80E0E2BBDE1670064DC75 /* Debug */ = {
			isa = XCBuildConfiguration;
			baseConfigurationReference = 3E73B3D7C8C56F329ACA2EA8 /* Pods-dupedivaTests.debug.xcconfig */;
			buildSettings = {
				ALWAYS_EMBED_SWIFT_STANDARD_LIBRARIES = YES;
				BUNDLE_LOADER = "$(TEST_HOST)";
				CODE_SIGN_STYLE = Automatic;
				CURRENT_PROJECT_VERSION = 1;
				DEAD_CODE_STRIPPING = YES;
				GENERATE_INFOPLIST_FILE = YES;
				IPHONEOS_DEPLOYMENT_TARGET = 17.2;
				MACOSX_DEPLOYMENT_TARGET = 14.2;
				MARKETING_VERSION = 1.0;
				PRODUCT_BUNDLE_IDENTIFIER = dupediva.dupedivaTests;
				PRODUCT_NAME = "$(TARGET_NAME)";
				SDKROOT = auto;
				SUPPORTED_PLATFORMS = "iphoneos iphonesimulator macosx";
				SWIFT_EMIT_LOC_STRINGS = NO;
				SWIFT_VERSION = 5.0;
				TARGETED_DEVICE_FAMILY = "1,2";
				TEST_HOST = "$(BUILT_PRODUCTS_DIR)/dupediva.app/$(BUNDLE_EXECUTABLE_FOLDER_PATH)/dupediva";
			};
			name = Debug;
		};
		A7E80E0F2BBDE1670064DC75 /* Release */ = {
			isa = XCBuildConfiguration;
			baseConfigurationReference = 0405DB122C8C4D3A8E4E9A62 /* Pods-dupedivaTests.release.xcconfig */;
			buildSettings = {
				ALWAYS_EMBED_SWIFT_STANDARD_LIBRARIES = YES;
				BUNDLE_LOADER = "$(TEST_HOST)";
				CODE_SIGN_STYLE = Automatic;
				CURRENT_PROJECT_VERSION = 1;
				DEAD_CODE_STRIPPING = YES;
				GENERATE_INFOPLIST_FILE = YES;
				IPHONEOS_DEPLOYMENT_TARGET = 17.2;
				MACOSX_DEPLOYMENT_TARGET = 14.2;
				MARKETING_VERSION = 1.0;
				PRODUCT_BUNDLE_IDENTIFIER = dupediva.dupedivaTests;
				PRODUCT_NAME = "$(TARGET_NAME)";
				SDKROOT = auto;
				SUPPORTED_PLATFORMS = "iphoneos iphonesimulator macosx";
				SWIFT_EMIT_LOC_STRINGS = NO;
				SWIFT_VERSION = 5.0;
				TARGETED_DEVICE_FAMILY = "1,2";
				TEST_HOST = "$(BUILT_PRODUCTS_DIR)/dupediva.app/$(BUNDLE_EXECUTABLE_FOLDER_PATH)/dupediva";
			};
			name = Release;
		};
		A7E80E112BBDE1670064DC75 /* Debug */ = {
			isa = XCBuildConfiguration;
			baseConfigurationReference = 3AC17E8AA0F604F2502DA627 /* Pods-dupediva-dupedivaUITests.debug.xcconfig */;
			buildSettings = {
				ALWAYS_EMBED_SWIFT_STANDARD_LIBRARIES = YES;
				CODE_SIGN_STYLE = Automatic;
				CURRENT_PROJECT_VERSION = 1;
				DEAD_CODE_STRIPPING = YES;
				GENERATE_INFOPLIST_FILE = YES;
				IPHONEOS_DEPLOYMENT_TARGET = 17.2;
				MACOSX_DEPLOYMENT_TARGET = 14.2;
				MARKETING_VERSION = 1.0;
				PRODUCT_BUNDLE_IDENTIFIER = dupediva.dupedivaUITests;
				PRODUCT_NAME = "$(TARGET_NAME)";
				SDKROOT = auto;
				SUPPORTED_PLATFORMS = "iphoneos iphonesimulator macosx";
				SWIFT_EMIT_LOC_STRINGS = NO;
				SWIFT_VERSION = 5.0;
				TARGETED_DEVICE_FAMILY = "1,2";
				TEST_TARGET_NAME = dupediva;
			};
			name = Debug;
		};
		A7E80E122BBDE1670064DC75 /* Release */ = {
			isa = XCBuildConfiguration;
			baseConfigurationReference = FC6BA69501B9059F1F9B51C9 /* Pods-dupediva-dupedivaUITests.release.xcconfig */;
			buildSettings = {
				ALWAYS_EMBED_SWIFT_STANDARD_LIBRARIES = YES;
				CODE_SIGN_STYLE = Automatic;
				CURRENT_PROJECT_VERSION = 1;
				DEAD_CODE_STRIPPING = YES;
				GENERATE_INFOPLIST_FILE = YES;
				IPHONEOS_DEPLOYMENT_TARGET = 17.2;
				MACOSX_DEPLOYMENT_TARGET = 14.2;
				MARKETING_VERSION = 1.0;
				PRODUCT_BUNDLE_IDENTIFIER = dupediva.dupedivaUITests;
				PRODUCT_NAME = "$(TARGET_NAME)";
				SDKROOT = auto;
				SUPPORTED_PLATFORMS = "iphoneos iphonesimulator macosx";
				SWIFT_EMIT_LOC_STRINGS = NO;
				SWIFT_VERSION = 5.0;
				TARGETED_DEVICE_FAMILY = "1,2";
				TEST_TARGET_NAME = dupediva;
			};
			name = Release;
		};
/* End XCBuildConfiguration section */

/* Begin XCConfigurationList section */
		A7E80DDE2BBDE1650064DC75 /* Build configuration list for PBXProject "dupediva" */ = {
			isa = XCConfigurationList;
			buildConfigurations = (
				A7E80E082BBDE1670064DC75 /* Debug */,
				A7E80E092BBDE1670064DC75 /* Release */,
			);
			defaultConfigurationIsVisible = 0;
			defaultConfigurationName = Release;
		};
		A7E80E0A2BBDE1670064DC75 /* Build configuration list for PBXNativeTarget "dupediva" */ = {
			isa = XCConfigurationList;
			buildConfigurations = (
				A7E80E0B2BBDE1670064DC75 /* Debug */,
				A7E80E0C2BBDE1670064DC75 /* Release */,
			);
			defaultConfigurationIsVisible = 0;
			defaultConfigurationName = Release;
		};
		A7E80E0D2BBDE1670064DC75 /* Build configuration list for PBXNativeTarget "dupedivaTests" */ = {
			isa = XCConfigurationList;
			buildConfigurations = (
				A7E80E0E2BBDE1670064DC75 /* Debug */,
				A7E80E0F2BBDE1670064DC75 /* Release */,
			);
			defaultConfigurationIsVisible = 0;
			defaultConfigurationName = Release;
		};
		A7E80E102BBDE1670064DC75 /* Build configuration list for PBXNativeTarget "dupedivaUITests" */ = {
			isa = XCConfigurationList;
			buildConfigurations = (
				A7E80E112BBDE1670064DC75 /* Debug */,
				A7E80E122BBDE1670064DC75 /* Release */,
			);
			defaultConfigurationIsVisible = 0;
			defaultConfigurationName = Release;
		};
/* End XCConfigurationList section */

/* Begin XCRemoteSwiftPackageReference section */
		7CDBF8A82BC61CA300961741 /* XCRemoteSwiftPackageReference "generative-ai-swift" */ = {
			isa = XCRemoteSwiftPackageReference;
			repositoryURL = "https://github.com/google/generative-ai-swift";
			requirement = {
				kind = upToNextMajorVersion;
				minimumVersion = 0.4.10;
			};
		};
/* End XCRemoteSwiftPackageReference section */

/* Begin XCSwiftPackageProductDependency section */
		7CDBF8A92BC61CC300961741 /* GoogleGenerativeAI */ = {
			isa = XCSwiftPackageProductDependency;
			package = 7CDBF8A82BC61CA300961741 /* XCRemoteSwiftPackageReference "generative-ai-swift" */;
			productName = GoogleGenerativeAI;
		};
/* End XCSwiftPackageProductDependency section */
	};
	rootObject = A7E80DDB2BBDE1650064DC75 /* Project object */;
}
